
Microsoft Visual Studio Solution File, Format Version 12.00
# Visual Studio Version 17
VisualStudioVersion = 17.6.33829.357
MinimumVisualStudioVersion = 10.0.40219.1
Project("{FAE04EC0-301F-11D3-BF4B-00C04F79EFBC}") = "Caabra", "Caabra\Caabra.csproj", "{7311B47E-8AE8-4036-83C6-8EC0DFEDFCC7}"
EndProject
Global
	GlobalSection(SolutionConfigurationPlatforms) = preSolution
		Debug|Any CPU = Debug|Any CPU
		Release|Any CPU = Release|Any CPU
	EndGlobalSection
	GlobalSection(ProjectConfigurationPlatforms) = postSolution
		{7311B47E-8AE8-4036-83C6-8EC0DFEDFCC7}.Debug|Any CPU.ActiveCfg = Debug|Any CPU
		{7311B47E-8AE8-4036-83C6-8EC0DFEDFCC7}.Debug|Any CPU.Build.0 = Debug|Any CPU
		{7311B47E-8AE8-4036-83C6-8EC0DFEDFCC7}.Release|Any CPU.ActiveCfg = Release|Any CPU
		{7311B47E-8AE8-4036-83C6-8EC0DFEDFCC7}.Release|Any CPU.Build.0 = Release|Any CPU
	EndGlobalSection
	GlobalSection(SolutionProperties) = preSolution
		HideSolutionNode = FALSE
	EndGlobalSection
	GlobalSection(ExtensibilityGlobals) = postSolution
		SolutionGuid = {5229EF4A-77E7-4050-B1FA-D090319FA2F0}
	EndGlobalSection
EndGlobal
